
Microsoft Visual Studio Solution File, Format Version 12.00
# Visual Studio Version 16
VisualStudioVersion = 16.0.29613.14
MinimumVisualStudioVersion = 10.0.40219.1
Project("{FAE04EC0-301F-11D3-BF4B-00C04F79EFBC}") = "tomcMatijaVarijable2", "tomcMatijaVarijable2\tomcMatijaVarijable2.csproj", "{F6BA3ED8-61CB-4744-8EB2-B33115F4C177}"
EndProject
Global
	GlobalSection(SolutionConfigurationPlatforms) = preSolution
		Debug|Any CPU = Debug|Any CPU
		Release|Any CPU = Release|Any CPU
	EndGlobalSection
	GlobalSection(ProjectConfigurationPlatforms) = postSolution
		{F6BA3ED8-61CB-4744-8EB2-B33115F4C177}.Debug|Any CPU.ActiveCfg = Debug|Any CPU
		{F6BA3ED8-61CB-4744-8EB2-B33115F4C177}.Debug|Any CPU.Build.0 = Debug|Any CPU
		{F6BA3ED8-61CB-4744-8EB2-B33115F4C177}.Release|Any CPU.ActiveCfg = Release|Any CPU
		{F6BA3ED8-61CB-4744-8EB2-B33115F4C177}.Release|Any CPU.Build.0 = Release|Any CPU
	EndGlobalSection
	GlobalSection(SolutionProperties) = preSolution
		HideSolutionNode = FALSE
	EndGlobalSection
	GlobalSection(ExtensibilityGlobals) = postSolution
		SolutionGuid = {596389AE-8CDB-4C23-B0E0-ABEED041B83B}
	EndGlobalSection
EndGlobal
