
Microsoft Visual Studio Solution File, Format Version 12.00
# Visual Studio Version 16
VisualStudioVersion = 16.0.29613.14
MinimumVisualStudioVersion = 10.0.40219.1
Project("{FAE04EC0-301F-11D3-BF4B-00C04F79EFBC}") = "tomcMatijaVarijable4", "tomcMatijaVarijable4\tomcMatijaVarijable4.csproj", "{DF5ACBD1-4B3A-4E34-8259-79CF06FDBA99}"
EndProject
Global
	GlobalSection(SolutionConfigurationPlatforms) = preSolution
		Debug|Any CPU = Debug|Any CPU
		Release|Any CPU = Release|Any CPU
	EndGlobalSection
	GlobalSection(ProjectConfigurationPlatforms) = postSolution
		{DF5ACBD1-4B3A-4E34-8259-79CF06FDBA99}.Debug|Any CPU.ActiveCfg = Debug|Any CPU
		{DF5ACBD1-4B3A-4E34-8259-79CF06FDBA99}.Debug|Any CPU.Build.0 = Debug|Any CPU
		{DF5ACBD1-4B3A-4E34-8259-79CF06FDBA99}.Release|Any CPU.ActiveCfg = Release|Any CPU
		{DF5ACBD1-4B3A-4E34-8259-79CF06FDBA99}.Release|Any CPU.Build.0 = Release|Any CPU
	EndGlobalSection
	GlobalSection(SolutionProperties) = preSolution
		HideSolutionNode = FALSE
	EndGlobalSection
	GlobalSection(ExtensibilityGlobals) = postSolution
		SolutionGuid = {AAAE266B-FEF4-491E-9718-1B7F28CCB018}
	EndGlobalSection
EndGlobal
